
Microsoft Visual Studio Solution File, Format Version 12.00
# Visual Studio 15
VisualStudioVersion = 15.0.28307.421
MinimumVisualStudioVersion = 10.0.40219.1
Project("{FAE04EC0-301F-11D3-BF4B-00C04F79EFBC}") = "ChatNameChanger", "ChatNameChanger\ChatNameChanger.csproj", "{D819A666-D115-4D80-98D4-8A1E04B101F9}"
EndProject
Global
	GlobalSection(SolutionConfigurationPlatforms) = preSolution
		Debug|Any CPU = Debug|Any CPU
		Release|Any CPU = Release|Any CPU
	EndGlobalSection
	GlobalSection(ProjectConfigurationPlatforms) = postSolution
		{D819A666-D115-4D80-98D4-8A1E04B101F9}.Debug|Any CPU.ActiveCfg = Debug|Any CPU
		{D819A666-D115-4D80-98D4-8A1E04B101F9}.Debug|Any CPU.Build.0 = Debug|Any CPU
		{D819A666-D115-4D80-98D4-8A1E04B101F9}.Release|Any CPU.ActiveCfg = Release|Any CPU
		{D819A666-D115-4D80-98D4-8A1E04B101F9}.Release|Any CPU.Build.0 = Release|Any CPU
	EndGlobalSection
	GlobalSection(SolutionProperties) = preSolution
		HideSolutionNode = FALSE
	EndGlobalSection
	GlobalSection(ExtensibilityGlobals) = postSolution
		SolutionGuid = {D3B769DF-D709-4EE6-8E20-D65D9277E428}
	EndGlobalSection
EndGlobal
